// !$*UTF8*$!
{
	archiveVersion = 1;
	classes = {
	};
	objectVersion = 56;
	objects = {

/* Begin PBXBuildFile section */
		27AEB75C2A5C2A0C008ED10F /* AppDelegate.swift in Sources */ = {isa = PBXBuildFile; fileRef = 27AEB75B2A5C2A0C008ED10F /* AppDelegate.swift */; };
		27AEB75E2A5C2A0C008ED10F /* SceneDelegate.swift in Sources */ = {isa = PBXBuildFile; fileRef = 27AEB75D2A5C2A0C008ED10F /* SceneDelegate.swift */; };
		27AEB7602A5C2A0C008ED10F /* ViewController.swift in Sources */ = {isa = PBXBuildFile; fileRef = 27AEB75F2A5C2A0C008ED10F /* ViewController.swift */; };
		27AEB7632A5C2A0C008ED10F /* Main.storyboard in Resources */ = {isa = PBXBuildFile; fileRef = 27AEB7612A5C2A0C008ED10F /* Main.storyboard */; };
		27AEB7652A5C2A0D008ED10F /* Assets.xcassets in Resources */ = {isa = PBXBuildFile; fileRef = 27AEB7642A5C2A0D008ED10F /* Assets.xcassets */; };
		27AEB7682A5C2A0D008ED10F /* LaunchScreen.storyboard in Resources */ = {isa = PBXBuildFile; fileRef = 27AEB7662A5C2A0D008ED10F /* LaunchScreen.storyboard */; };
		27AEB7762A5C2A3A008ED10F /* KeyboardViewController.swift in Sources */ = {isa = PBXBuildFile; fileRef = 27AEB7752A5C2A3A008ED10F /* KeyboardViewController.swift */; };
		27AEB77A2A5C2A3A008ED10F /* KeyboardViewController.appex in Embed Foundation Extensions */ = {isa = PBXBuildFile; fileRef = 27AEB7732A5C2A3A008ED10F /* KeyboardViewController.appex */; settings = {ATTRIBUTES = (RemoveHeadersOnCopy, ); }; };
		27AEB7852A5C2B4B008ED10F /* KeyboardButton.swift in Sources */ = {isa = PBXBuildFile; fileRef = 27AEB77F2A5C2ADF008ED10F /* KeyboardButton.swift */; };
		27AEB7862A5C2B78008ED10F /* ColorConfiguration.swift in Sources */ = {isa = PBXBuildFile; fileRef = 27AEB7812A5C2AFF008ED10F /* ColorConfiguration.swift */; };
		27AEB7872A5C2B8C008ED10F /* Extensions.swift in Sources */ = {isa = PBXBuildFile; fileRef = 27AEB7832A5C2B1B008ED10F /* Extensions.swift */; };
		27AEB7882A5C2D34008ED10F /* Assets.xcassets in Resources */ = {isa = PBXBuildFile; fileRef = 27AEB7642A5C2A0D008ED10F /* Assets.xcassets */; };
/* End PBXBuildFile section */

/* Begin PBXContainerItemProxy section */
		27AEB7782A5C2A3A008ED10F /* PBXContainerItemProxy */ = {
			isa = PBXContainerItemProxy;
			containerPortal = 27AEB7502A5C2A0C008ED10F /* Project object */;
			proxyType = 1;
			remoteGlobalIDString = 27AEB7722A5C2A3A008ED10F;
			remoteInfo = KeyboardViewController;
		};
/* End PBXContainerItemProxy section */

/* Begin PBXCopyFilesBuildPhase section */
		27AEB77E2A5C2A3A008ED10F /* Embed Foundation Extensions */ = {
			isa = PBXCopyFilesBuildPhase;
			buildActionMask = 2147483647;
			dstPath = "";
			dstSubfolderSpec = 13;
			files = (
				27AEB77A2A5C2A3A008ED10F /* KeyboardViewController.appex in Embed Foundation Extensions */,
			);
			name = "Embed Foundation Extensions";
			runOnlyForDeploymentPostprocessing = 0;
		};
/* End PBXCopyFilesBuildPhase section */

/* Begin PBXFileReference section */
		27AEB7582A5C2A0C008ED10F /* AlpahKeyboard.app */ = {isa = PBXFileReference; explicitFileType = wrapper.application; includeInIndex = 0; path = AlpahKeyboard.app; sourceTree = BUILT_PRODUCTS_DIR; };
		27AEB75B2A5C2A0C008ED10F /* AppDelegate.swift */ = {isa = PBXFileReference; lastKnownFileType = sourcecode.swift; path = AppDelegate.swift; sourceTree = "<group>"; };
		27AEB75D2A5C2A0C008ED10F /* SceneDelegate.swift */ = {isa = PBXFileReference; lastKnownFileType = sourcecode.swift; path = SceneDelegate.swift; sourceTree = "<group>"; };
		27AEB75F2A5C2A0C008ED10F /* ViewController.swift */ = {isa = PBXFileReference; lastKnownFileType = sourcecode.swift; path = ViewController.swift; sourceTree = "<group>"; };
		27AEB7622A5C2A0C008ED10F /* Base */ = {isa = PBXFileReference; lastKnownFileType = file.storyboard; name = Base; path = Base.lproj/Main.storyboard; sourceTree = "<group>"; };
		27AEB7642A5C2A0D008ED10F /* Assets.xcassets */ = {isa = PBXFileReference; lastKnownFileType = folder.assetcatalog; path = Assets.xcassets; sourceTree = "<group>"; };
		27AEB7672A5C2A0D008ED10F /* Base */ = {isa = PBXFileReference; lastKnownFileType = file.storyboard; name = Base; path = Base.lproj/LaunchScreen.storyboard; sourceTree = "<group>"; };
		27AEB7692A5C2A0D008ED10F /* Info.plist */ = {isa = PBXFileReference; lastKnownFileType = text.plist.xml; path = Info.plist; sourceTree = "<group>"; };
		27AEB7732A5C2A3A008ED10F /* KeyboardViewController.appex */ = {isa = PBXFileReference; explicitFileType = "wrapper.app-extension"; includeInIndex = 0; path = KeyboardViewController.appex; sourceTree = BUILT_PRODUCTS_DIR; };
		27AEB7752A5C2A3A008ED10F /* KeyboardViewController.swift */ = {isa = PBXFileReference; lastKnownFileType = sourcecode.swift; path = KeyboardViewController.swift; sourceTree = "<group>"; };
		27AEB7772A5C2A3A008ED10F /* Info.plist */ = {isa = PBXFileReference; lastKnownFileType = text.plist.xml; path = Info.plist; sourceTree = "<group>"; };
		27AEB77F2A5C2ADF008ED10F /* KeyboardButton.swift */ = {isa = PBXFileReference; lastKnownFileType = sourcecode.swift; path = KeyboardButton.swift; sourceTree = "<group>"; };
		27AEB7812A5C2AFF008ED10F /* ColorConfiguration.swift */ = {isa = PBXFileReference; lastKnownFileType = sourcecode.swift; path = ColorConfiguration.swift; sourceTree = "<group>"; };
		27AEB7832A5C2B1B008ED10F /* Extensions.swift */ = {isa = PBXFileReference; lastKnownFileType = sourcecode.swift; path = Extensions.swift; sourceTree = "<group>"; };
/* End PBXFileReference section */

/* Begin PBXFrameworksBuildPhase section */
		27AEB7552A5C2A0C008ED10F /* Frameworks */ = {
			isa = PBXFrameworksBuildPhase;
			buildActionMask = 2147483647;
			files = (
			);
			runOnlyForDeploymentPostprocessing = 0;
		};
		27AEB7702A5C2A3A008ED10F /* Frameworks */ = {
			isa = PBXFrameworksBuildPhase;
			buildActionMask = 2147483647;
			files = (
			);
			runOnlyForDeploymentPostprocessing = 0;
		};
/* End PBXFrameworksBuildPhase section */

/* Begin PBXGroup section */
		27AEB74F2A5C2A0C008ED10F = {
			isa = PBXGroup;
			children = (
				27AEB75A2A5C2A0C008ED10F /* AlpahKeyboard */,
				27AEB7742A5C2A3A008ED10F /* KeyboardViewController */,
				27AEB7592A5C2A0C008ED10F /* Products */,
			);
			sourceTree = "<group>";
		};
		27AEB7592A5C2A0C008ED10F /* Products */ = {
			isa = PBXGroup;
			children = (
				27AEB7582A5C2A0C008ED10F /* AlpahKeyboard.app */,
				27AEB7732A5C2A3A008ED10F /* KeyboardViewController.appex */,
			);
			name = Products;
			sourceTree = "<group>";
		};
		27AEB75A2A5C2A0C008ED10F /* AlpahKeyboard */ = {
			isa = PBXGroup;
			children = (
				27AEB75B2A5C2A0C008ED10F /* AppDelegate.swift */,
				27AEB75D2A5C2A0C008ED10F /* SceneDelegate.swift */,
				27AEB75F2A5C2A0C008ED10F /* ViewController.swift */,
				27AEB7612A5C2A0C008ED10F /* Main.storyboard */,
				27AEB7642A5C2A0D008ED10F /* Assets.xcassets */,
				27AEB7662A5C2A0D008ED10F /* LaunchScreen.storyboard */,
				27AEB7692A5C2A0D008ED10F /* Info.plist */,
			);
			path = AlpahKeyboard;
			sourceTree = "<group>";
		};
		27AEB7742A5C2A3A008ED10F /* KeyboardViewController */ = {
			isa = PBXGroup;
			children = (
				27AEB7752A5C2A3A008ED10F /* KeyboardViewController.swift */,
				27AEB77F2A5C2ADF008ED10F /* KeyboardButton.swift */,
				27AEB7812A5C2AFF008ED10F /* ColorConfiguration.swift */,
				27AEB7832A5C2B1B008ED10F /* Extensions.swift */,
				27AEB7772A5C2A3A008ED10F /* Info.plist */,
			);
			path = KeyboardViewController;
			sourceTree = "<group>";
		};
/* End PBXGroup section */

/* Begin PBXNativeTarget section */
		27AEB7572A5C2A0C008ED10F /* AlpahKeyboard */ = {
			isa = PBXNativeTarget;
			buildConfigurationList = 27AEB76C2A5C2A0D008ED10F /* Build configuration list for PBXNativeTarget "AlpahKeyboard" */;
			buildPhases = (
				27AEB7542A5C2A0C008ED10F /* Sources */,
				27AEB7552A5C2A0C008ED10F /* Frameworks */,
				27AEB7562A5C2A0C008ED10F /* Resources */,
				27AEB77E2A5C2A3A008ED10F /* Embed Foundation Extensions */,
			);
			buildRules = (
			);
			dependencies = (
				27AEB7792A5C2A3A008ED10F /* PBXTargetDependency */,
			);
			name = AlpahKeyboard;
			productName = AlpahKeyboard;
			productReference = 27AEB7582A5C2A0C008ED10F /* AlpahKeyboard.app */;
			productType = "com.apple.product-type.application";
		};
		27AEB7722A5C2A3A008ED10F /* KeyboardViewController */ = {
			isa = PBXNativeTarget;
			buildConfigurationList = 27AEB77B2A5C2A3A008ED10F /* Build configuration list for PBXNativeTarget "KeyboardViewController" */;
			buildPhases = (
				27AEB76F2A5C2A3A008ED10F /* Sources */,
				27AEB7702A5C2A3A008ED10F /* Frameworks */,
				27AEB7712A5C2A3A008ED10F /* Resources */,
			);
			buildRules = (
			);
			dependencies = (
			);
			name = KeyboardViewController;
			productName = KeyboardViewController;
			productReference = 27AEB7732A5C2A3A008ED10F /* KeyboardViewController.appex */;
			productType = "com.apple.product-type.app-extension";
		};
/* End PBXNativeTarget section */

/* Begin PBXProject section */
		27AEB7502A5C2A0C008ED10F /* Project object */ = {
			isa = PBXProject;
			attributes = {
				BuildIndependentTargetsInParallel = 1;
				LastSwiftUpdateCheck = 1430;
				LastUpgradeCheck = 1430;
				TargetAttributes = {
					27AEB7572A5C2A0C008ED10F = {
						CreatedOnToolsVersion = 14.3;
					};
					27AEB7722A5C2A3A008ED10F = {
						CreatedOnToolsVersion = 14.3;
					};
				};
			};
			buildConfigurationList = 27AEB7532A5C2A0C008ED10F /* Build configuration list for PBXProject "AlpahKeyboard" */;
			compatibilityVersion = "Xcode 14.0";
			developmentRegion = en;
			hasScannedForEncodings = 0;
			knownRegions = (
				en,
				Base,
			);
			mainGroup = 27AEB74F2A5C2A0C008ED10F;
			productRefGroup = 27AEB7592A5C2A0C008ED10F /* Products */;
			projectDirPath = "";
			projectRoot = "";
			targets = (
				27AEB7572A5C2A0C008ED10F /* AlpahKeyboard */,
				27AEB7722A5C2A3A008ED10F /* KeyboardViewController */,
			);
		};
/* End PBXProject section */

/* Begin PBXResourcesBuildPhase section */
		27AEB7562A5C2A0C008ED10F /* Resources */ = {
			isa = PBXResourcesBuildPhase;
			buildActionMask = 2147483647;
			files = (
				27AEB7682A5C2A0D008ED10F /* LaunchScreen.storyboard in Resources */,
				27AEB7652A5C2A0D008ED10F /* Assets.xcassets in Resources */,
				27AEB7632A5C2A0C008ED10F /* Main.storyboard in Resources */,
			);
			runOnlyForDeploymentPostprocessing = 0;
		};
		27AEB7712A5C2A3A008ED10F /* Resources */ = {
			isa = PBXResourcesBuildPhase;
			buildActionMask = 2147483647;
			files = (
				27AEB7882A5C2D34008ED10F /* Assets.xcassets in Resources */,
			);
			runOnlyForDeploymentPostprocessing = 0;
		};
/* End PBXResourcesBuildPhase section */

/* Begin PBXSourcesBuildPhase section */
		27AEB7542A5C2A0C008ED10F /* Sources */ = {
			isa = PBXSourcesBuildPhase;
			buildActionMask = 2147483647;
			files = (
				27AEB7602A5C2A0C008ED10F /* ViewController.swift in Sources */,
				27AEB75C2A5C2A0C008ED10F /* AppDelegate.swift in Sources */,
				27AEB75E2A5C2A0C008ED10F /* SceneDelegate.swift in Sources */,
			);
			runOnlyForDeploymentPostprocessing = 0;
		};
		27AEB76F2A5C2A3A008ED10F /* Sources */ = {
			isa = PBXSourcesBuildPhase;
			buildActionMask = 2147483647;
			files = (
				27AEB7862A5C2B78008ED10F /* ColorConfiguration.swift in Sources */,
				27AEB7852A5C2B4B008ED10F /* KeyboardButton.swift in Sources */,
				27AEB7762A5C2A3A008ED10F /* KeyboardViewController.swift in Sources */,
				27AEB7872A5C2B8C008ED10F /* Extensions.swift in Sources */,
			);
			runOnlyForDeploymentPostprocessing = 0;
		};
/* End PBXSourcesBuildPhase section */

/* Begin PBXTargetDependency section */
		27AEB7792A5C2A3A008ED10F /* PBXTargetDependency */ = {
			isa = PBXTargetDependency;
			target = 27AEB7722A5C2A3A008ED10F /* KeyboardViewController */;
			targetProxy = 27AEB7782A5C2A3A008ED10F /* PBXContainerItemProxy */;
		};
/* End PBXTargetDependency section */

/* Begin PBXVariantGroup section */
		27AEB7612A5C2A0C008ED10F /* Main.storyboard */ = {
			isa = PBXVariantGroup;
			children = (
				27AEB7622A5C2A0C008ED10F /* Base */,
			);
			name = Main.storyboard;
			sourceTree = "<group>";
		};
		27AEB7662A5C2A0D008ED10F /* LaunchScreen.storyboard */ = {
			isa = PBXVariantGroup;
			children = (
				27AEB7672A5C2A0D008ED10F /* Base */,
			);
			name = LaunchScreen.storyboard;
			sourceTree = "<group>";
		};
/* End PBXVariantGroup section */

/* Begin XCBuildConfiguration section */
		27AEB76A2A5C2A0D008ED10F /* Debug */ = {
			isa = XCBuildConfiguration;
			buildSettings = {
				ALWAYS_SEARCH_USER_PATHS = NO;
				CLANG_ANALYZER_NONNULL = YES;
				CLANG_ANALYZER_NUMBER_OBJECT_CONVERSION = YES_AGGRESSIVE;
				CLANG_CXX_LANGUAGE_STANDARD = "gnu++20";
				CLANG_ENABLE_MODULES = YES;
				CLANG_ENABLE_OBJC_ARC = YES;
				CLANG_ENABLE_OBJC_WEAK = YES;
				CLANG_WARN_BLOCK_CAPTURE_AUTORELEASING = YES;
				CLANG_WARN_BOOL_CONVERSION = YES;
				CLANG_WARN_COMMA = YES;
				CLANG_WARN_CONSTANT_CONVERSION = YES;
				CLANG_WARN_DEPRECATED_OBJC_IMPLEMENTATIONS = YES;
				CLANG_WARN_DIRECT_OBJC_ISA_USAGE = YES_ERROR;
				CLANG_WARN_DOCUMENTATION_COMMENTS = YES;
				CLANG_WARN_EMPTY_BODY = YES;
				CLANG_WARN_ENUM_CONVERSION = YES;
				CLANG_WARN_INFINITE_RECURSION = YES;
				CLANG_WARN_INT_CONVERSION = YES;
				CLANG_WARN_NON_LITERAL_NULL_CONVERSION = YES;
				CLANG_WARN_OBJC_IMPLICIT_RETAIN_SELF = YES;
				CLANG_WARN_OBJC_LITERAL_CONVERSION = YES;
				CLANG_WARN_OBJC_ROOT_CLASS = YES_ERROR;
				CLANG_WARN_QUOTED_INCLUDE_IN_FRAMEWORK_HEADER = YES;
				CLANG_WARN_RANGE_LOOP_ANALYSIS = YES;
				CLANG_WARN_STRICT_PROTOTYPES = YES;
				CLANG_WARN_SUSPICIOUS_MOVE = YES;
				CLANG_WARN_UNGUARDED_AVAILABILITY = YES_AGGRESSIVE;
				CLANG_WARN_UNREACHABLE_CODE = YES;
				CLANG_WARN__DUPLICATE_METHOD_MATCH = YES;
				COPY_PHASE_STRIP = NO;
				DEBUG_INFORMATION_FORMAT = dwarf;
				ENABLE_STRICT_OBJC_MSGSEND = YES;
				ENABLE_TESTABILITY = YES;
				GCC_C_LANGUAGE_STANDARD = gnu11;
				GCC_DYNAMIC_NO_PIC = NO;
				GCC_NO_COMMON_BLOCKS = YES;
				GCC_OPTIMIZATION_LEVEL = 0;
				GCC_PREPROCESSOR_DEFINITIONS = (
					"DEBUG=1",
					"$(inherited)",
				);
				GCC_WARN_64_TO_32_BIT_CONVERSION = YES;
				GCC_WARN_ABOUT_RETURN_TYPE = YES_ERROR;
				GCC_WARN_UNDECLARED_SELECTOR = YES;
				GCC_WARN_UNINITIALIZED_AUTOS = YES_AGGRESSIVE;
				GCC_WARN_UNUSED_FUNCTION = YES;
				GCC_WARN_UNUSED_VARIABLE = YES;
				IPHONEOS_DEPLOYMENT_TARGET = 13.0;
				MTL_ENABLE_DEBUG_INFO = INCLUDE_SOURCE;
				MTL_FAST_MATH = YES;
				ONLY_ACTIVE_ARCH = YES;
				SDKROOT = iphoneos;
				SWIFT_ACTIVE_COMPILATION_CONDITIONS = DEBUG;
				SWIFT_OPTIMIZATION_LEVEL = "-Onone";
			};
			name = Debug;
		};
		27AEB76B2A5C2A0D008ED10F /* Release */ = {
			isa = XCBuildConfiguration;
			buildSettings = {
				ALWAYS_SEARCH_USER_PATHS = NO;
				CLANG_ANALYZER_NONNULL = YES;
				CLANG_ANALYZER_NUMBER_OBJECT_CONVERSION = YES_AGGRESSIVE;
				CLANG_CXX_LANGUAGE_STANDARD = "gnu++20";
				CLANG_ENABLE_MODULES = YES;
				CLANG_ENABLE_OBJC_ARC = YES;
				CLANG_ENABLE_OBJC_WEAK = YES;
				CLANG_WARN_BLOCK_CAPTURE_AUTORELEASING = YES;
				CLANG_WARN_BOOL_CONVERSION = YES;
				CLANG_WARN_COMMA = YES;
				CLANG_WARN_CONSTANT_CONVERSION = YES;
				CLANG_WARN_DEPRECATED_OBJC_IMPLEMENTATIONS = YES;
				CLANG_WARN_DIRECT_OBJC_ISA_USAGE = YES_ERROR;
				CLANG_WARN_DOCUMENTATION_COMMENTS = YES;
				CLANG_WARN_EMPTY_BODY = YES;
				CLANG_WARN_ENUM_CONVERSION = YES;
				CLANG_WARN_INFINITE_RECURSION = YES;
				CLANG_WARN_INT_CONVERSION = YES;
				CLANG_WARN_NON_LITERAL_NULL_CONVERSION = YES;
				CLANG_WARN_OBJC_IMPLICIT_RETAIN_SELF = YES;
				CLANG_WARN_OBJC_LITERAL_CONVERSION = YES;
				CLANG_WARN_OBJC_ROOT_CLASS = YES_ERROR;
				CLANG_WARN_QUOTED_INCLUDE_IN_FRAMEWORK_HEADER = YES;
				CLANG_WARN_RANGE_LOOP_ANALYSIS = YES;
				CLANG_WARN_STRICT_PROTOTYPES = YES;
				CLANG_WARN_SUSPICIOUS_MOVE = YES;
				CLANG_WARN_UNGUARDED_AVAILABILITY = YES_AGGRESSIVE;
				CLANG_WARN_UNREACHABLE_CODE = YES;
				CLANG_WARN__DUPLICATE_METHOD_MATCH = YES;
				COPY_PHASE_STRIP = NO;
				DEBUG_INFORMATION_FORMAT = "dwarf-with-dsym";
				ENABLE_NS_ASSERTIONS = NO;
				ENABLE_STRICT_OBJC_MSGSEND = YES;
				GCC_C_LANGUAGE_STANDARD = gnu11;
				GCC_NO_COMMON_BLOCKS = YES;
				GCC_WARN_64_TO_32_BIT_CONVERSION = YES;
				GCC_WARN_ABOUT_RETURN_TYPE = YES_ERROR;
				GCC_WARN_UNDECLARED_SELECTOR = YES;
				GCC_WARN_UNINITIALIZED_AUTOS = YES_AGGRESSIVE;
				GCC_WARN_UNUSED_FUNCTION = YES;
				GCC_WARN_UNUSED_VARIABLE = YES;
				IPHONEOS_DEPLOYMENT_TARGET = 13.0;
				MTL_ENABLE_DEBUG_INFO = NO;
				MTL_FAST_MATH = YES;
				SDKROOT = iphoneos;
				SWIFT_COMPILATION_MODE = wholemodule;
				SWIFT_OPTIMIZATION_LEVEL = "-O";
				VALIDATE_PRODUCT = YES;
			};
			name = Release;
		};
		27AEB76D2A5C2A0D008ED10F /* Debug */ = {
			isa = XCBuildConfiguration;
			buildSettings = {
				ALWAYS_EMBED_SWIFT_STANDARD_LIBRARIES = YES;
				ASSETCATALOG_COMPILER_APPICON_NAME = AppIcon;
				ASSETCATALOG_COMPILER_GLOBAL_ACCENT_COLOR_NAME = AccentColor;
				CODE_SIGN_STYLE = Automatic;
				CURRENT_PROJECT_VERSION = 1;
				GENERATE_INFOPLIST_FILE = YES;
				INFOPLIST_FILE = AlpahKeyboard/Info.plist;
				INFOPLIST_KEY_UIApplicationSupportsIndirectInputEvents = YES;
				INFOPLIST_KEY_UILaunchStoryboardName = LaunchScreen;
				INFOPLIST_KEY_UIMainStoryboardFile = Main;
				INFOPLIST_KEY_UISupportedInterfaceOrientations_iPad = "UIInterfaceOrientationPortrait UIInterfaceOrientationPortraitUpsideDown UIInterfaceOrientationLandscapeLeft UIInterfaceOrientationLandscapeRight";
				INFOPLIST_KEY_UISupportedInterfaceOrientations_iPhone = "UIInterfaceOrientationPortrait UIInterfaceOrientationLandscapeLeft UIInterfaceOrientationLandscapeRight";
				IPHONEOS_DEPLOYMENT_TARGET = 13.0;
				LD_RUNPATH_SEARCH_PATHS = (
					"$(inherited)",
					"@executable_path/Frameworks",
				);
				MARKETING_VERSION = 1.0;
				PRODUCT_BUNDLE_IDENTIFIER = com.Msil.AlpahKeyboard;
				PRODUCT_NAME = "$(TARGET_NAME)";
				SWIFT_EMIT_LOC_STRINGS = YES;
				SWIFT_VERSION = 5.0;
				TARGETED_DEVICE_FAMILY = "1,2";
			};
			name = Debug;
		};
		27AEB76E2A5C2A0D008ED10F /* Release */ = {
			isa = XCBuildConfiguration;
			buildSettings = {
				ALWAYS_EMBED_SWIFT_STANDARD_LIBRARIES = YES;
				ASSETCATALOG_COMPILER_APPICON_NAME = AppIcon;
				ASSETCATALOG_COMPILER_GLOBAL_ACCENT_COLOR_NAME = AccentColor;
				CODE_SIGN_STYLE = Automatic;
				CURRENT_PROJECT_VERSION = 1;
				GENERATE_INFOPLIST_FILE = YES;
				INFOPLIST_FILE = AlpahKeyboard/Info.plist;
				INFOPLIST_KEY_UIApplicationSupportsIndirectInputEvents = YES;
				INFOPLIST_KEY_UILaunchStoryboardName = LaunchScreen;
				INFOPLIST_KEY_UIMainStoryboardFile = Main;
				INFOPLIST_KEY_UISupportedInterfaceOrientations_iPad = "UIInterfaceOrientationPortrait UIInterfaceOrientationPortraitUpsideDown UIInterfaceOrientationLandscapeLeft UIInterfaceOrientationLandscapeRight";
				INFOPLIST_KEY_UISupportedInterfaceOrientations_iPhone = "UIInterfaceOrientationPortrait UIInterfaceOrientationLandscapeLeft UIInterfaceOrientationLandscapeRight";
				IPHONEOS_DEPLOYMENT_TARGET = 13.0;
				LD_RUNPATH_SEARCH_PATHS = (
					"$(inherited)",
					"@executable_path/Frameworks",
				);
				MARKETING_VERSION = 1.0;
				PRODUCT_BUNDLE_IDENTIFIER = com.Msil.AlpahKeyboard;
				PRODUCT_NAME = "$(TARGET_NAME)";
				SWIFT_EMIT_LOC_STRINGS = YES;
				SWIFT_VERSION = 5.0;
				TARGETED_DEVICE_FAMILY = "1,2";
			};
			name = Release;
		};
		27AEB77C2A5C2A3A008ED10F /* Debug */ = {
			isa = XCBuildConfiguration;
			buildSettings = {
				CODE_SIGN_STYLE = Automatic;
				CURRENT_PROJECT_VERSION = 1;
				GENERATE_INFOPLIST_FILE = YES;
				INFOPLIST_FILE = KeyboardViewController/Info.plist;
				INFOPLIST_KEY_CFBundleDisplayName = KeyboardViewController;
				INFOPLIST_KEY_NSHumanReadableCopyright = "";
				IPHONEOS_DEPLOYMENT_TARGET = 13.0;
				LD_RUNPATH_SEARCH_PATHS = (
					"$(inherited)",
					"@executable_path/Frameworks",
					"@executable_path/../../Frameworks",
				);
				MARKETING_VERSION = 1.0;
				PRODUCT_BUNDLE_IDENTIFIER = com.Msil.AlpahKeyboard.KeyboardViewController;
				PRODUCT_NAME = "$(TARGET_NAME)";
				SKIP_INSTALL = YES;
				SWIFT_EMIT_LOC_STRINGS = YES;
				SWIFT_VERSION = 5.0;
				TARGETED_DEVICE_FAMILY = "1,2";
			};
			name = Debug;
		};
		27AEB77D2A5C2A3A008ED10F /* Release */ = {
			isa = XCBuildConfiguration;
			buildSettings = {
				CODE_SIGN_STYLE = Automatic;
				CURRENT_PROJECT_VERSION = 1;
				GENERATE_INFOPLIST_FILE = YES;
				INFOPLIST_FILE = KeyboardViewController/Info.plist;
				INFOPLIST_KEY_CFBundleDisplayName = KeyboardViewController;
				INFOPLIST_KEY_NSHumanReadableCopyright = "";
				IPHONEOS_DEPLOYMENT_TARGET = 13.0;
				LD_RUNPATH_SEARCH_PATHS = (
					"$(inherited)",
					"@executable_path/Frameworks",
					"@executable_path/../../Frameworks",
				);
				MARKETING_VERSION = 1.0;
				PRODUCT_BUNDLE_IDENTIFIER = com.Msil.AlpahKeyboard.KeyboardViewController;
				PRODUCT_NAME = "$(TARGET_NAME)";
				SKIP_INSTALL = YES;
				SWIFT_EMIT_LOC_STRINGS = YES;
				SWIFT_VERSION = 5.0;
				TARGETED_DEVICE_FAMILY = "1,2";
			};
			name = Release;
		};
/* End XCBuildConfiguration section */

/* Begin XCConfigurationList section */
		27AEB7532A5C2A0C008ED10F /* Build configuration list for PBXProject "AlpahKeyboard" */ = {
			isa = XCConfigurationList;
			buildConfigurations = (
				27AEB76A2A5C2A0D008ED10F /* Debug */,
				27AEB76B2A5C2A0D008ED10F /* Release */,
			);
			defaultConfigurationIsVisible = 0;
			defaultConfigurationName = Release;
		};
		27AEB76C2A5C2A0D008ED10F /* Build configuration list for PBXNativeTarget "AlpahKeyboard" */ = {
			isa = XCConfigurationList;
			buildConfigurations = (
				27AEB76D2A5C2A0D008ED10F /* Debug */,
				27AEB76E2A5C2A0D008ED10F /* Release */,
			);
			defaultConfigurationIsVisible = 0;
			defaultConfigurationName = Release;
		};
		27AEB77B2A5C2A3A008ED10F /* Build configuration list for PBXNativeTarget "KeyboardViewController" */ = {
			isa = XCConfigurationList;
			buildConfigurations = (
				27AEB77C2A5C2A3A008ED10F /* Debug */,
				27AEB77D2A5C2A3A008ED10F /* Release */,
			);
			defaultConfigurationIsVisible = 0;
			defaultConfigurationName = Release;
		};
/* End XCConfigurationList section */
	};
	rootObject = 27AEB7502A5C2A0C008ED10F /* Project object */;
}
